{
  "name": "recipes-client",
  "version": "1.0.0",
  "lockfileVersion": 1,
  "requires": true,
  "dependencies": {
    "acorn": {
      "version": "5.7.3",
      "resolved": "https://registry.npmjs.org/acorn/-/acorn-5.7.3.tgz",
      "integrity": "sha512-T/zvzYRfbVojPWahDsE5evJdHb3oJoQfFbsrKM7w5Zcs++Tr257tia3BmMP8XYVjp1S9RZXQMh7gao96BlqZOw==",
      "dev": true
    },
    "browserify-transform-tools": {
      "version": "1.7.0",
      "resolved": "https://registry.npmjs.org/browserify-transform-tools/-/browserify-transform-tools-1.7.0.tgz",
      "integrity": "sha1-g+J3Ih9jJZvtLn6yooOpcKUB9MQ=",
      "dev": true,
      "requires": {
        "falafel": "^2.0.0",
        "through": "^2.3.7"
      }
    },
    "camel-case": {
      "version": "3.0.0",
      "resolved": "https://registry.npmjs.org/camel-case/-/camel-case-3.0.0.tgz",
      "integrity": "sha1-yjw2iKTpzzpM2nd9xNy8cTJJz3M=",
      "dev": true,
      "requires": {
        "no-case": "^2.2.0",
        "upper-case": "^1.1.1"
      }
    },
    "clean-css": {
      "version": "4.1.11",
      "resolved": "https://registry.npmjs.org/clean-css/-/clean-css-4.1.11.tgz",
      "integrity": "sha1-Ls3xRaujj1R0DybO/Q/z4D4SXWo=",
      "dev": true,
      "requires": {
        "source-map": "0.5.x"
      }
    },
    "colors": {
      "version": "1.3.2",
      "resolved": "https://registry.npmjs.org/colors/-/colors-1.3.2.tgz",
      "integrity": "sha512-rhP0JSBGYvpcNQj4s5AdShMeE5ahMop96cTeDl/v9qQQm2fYClE2QXZRi8wLzc+GmXSxdIqqbOIAhyObEXDbfQ==",
      "dev": true
    },
    "commander": {
      "version": "2.9.0",
      "resolved": "http://registry.npmjs.org/commander/-/commander-2.9.0.tgz",
      "integrity": "sha1-nJkJQXbhIkDLItbFFGCYQA/g99Q=",
      "dev": true,
      "requires": {
        "graceful-readlink": ">= 1.0.0"
      }
    },
    "es6-promise": {
      "version": "3.3.1",
      "resolved": "http://registry.npmjs.org/es6-promise/-/es6-promise-3.3.1.tgz",
      "integrity": "sha1-oIzd6EzNvzTQJ6FFG8kdS80ophM="
    },
    "falafel": {
      "version": "2.1.0",
      "resolved": "https://registry.npmjs.org/falafel/-/falafel-2.1.0.tgz",
      "integrity": "sha1-lrsXdh2rqU9G0AFzizzt86Z/4Gw=",
      "dev": true,
      "requires": {
        "acorn": "^5.0.0",
        "foreach": "^2.0.5",
        "isarray": "0.0.1",
        "object-keys": "^1.0.6"
      }
    },
    "foreach": {
      "version": "2.0.5",
      "resolved": "https://registry.npmjs.org/foreach/-/foreach-2.0.5.tgz",
      "integrity": "sha1-C+4AUBiusmDQo6865ljdATbsG5k=",
      "dev": true
    },
    "graceful-readlink": {
      "version": "1.0.1",
      "resolved": "https://registry.npmjs.org/graceful-readlink/-/graceful-readlink-1.0.1.tgz",
      "integrity": "sha1-TK+tdrxi8C+gObL5Tpo906ORpyU=",
      "dev": true
    },
    "he": {
      "version": "1.1.1",
      "resolved": "https://registry.npmjs.org/he/-/he-1.1.1.tgz",
      "integrity": "sha1-k0EP0hsAlzUVH4howvJx80J+I/0=",
      "dev": true
    },
    "html-minifier": {
      "version": "3.5.2",
      "resolved": "https://registry.npmjs.org/html-minifier/-/html-minifier-3.5.2.tgz",
      "integrity": "sha1-1zvD/0SJQkCIGM5gm/P7DqfvTrc=",
      "dev": true,
      "requires": {
        "camel-case": "3.0.x",
        "clean-css": "4.1.x",
        "commander": "2.9.x",
        "he": "1.1.x",
        "ncname": "1.0.x",
        "param-case": "2.1.x",
        "relateurl": "0.2.x",
        "uglify-js": "3.0.x"
      }
    },
    "isarray": {
      "version": "0.0.1",
      "resolved": "https://registry.npmjs.org/isarray/-/isarray-0.0.1.tgz",
      "integrity": "sha1-ihis/Kmo9Bd+Cav8YDiTmwXR7t8=",
      "dev": true
    },
    "lodash": {
      "version": "4.17.11",
      "resolved": "https://registry.npmjs.org/lodash/-/lodash-4.17.11.tgz",
      "integrity": "sha512-cQKh8igo5QUhZ7lg38DYWAxMvjSAKG0A8wGSVimP07SIUEK2UO+arSRKbRZWtelMtN5V0Hkwh5ryOto/SshYIg=="
    },
    "lodash-migrate": {
      "version": "0.2.26",
      "resolved": "https://registry.npmjs.org/lodash-migrate/-/lodash-migrate-0.2.26.tgz",
      "integrity": "sha1-68bFlkD4Ut2pLSXHCW29CaeEJRE="
    },
    "lower-case": {
      "version": "1.1.4",
      "resolved": "https://registry.npmjs.org/lower-case/-/lower-case-1.1.4.tgz",
      "integrity": "sha1-miyr0bno4K6ZOkv31YdcOcQujqw=",
      "dev": true
    },
    "mime": {
      "version": "1.6.0",
      "resolved": "https://registry.npmjs.org/mime/-/mime-1.6.0.tgz",
      "integrity": "sha512-x0Vn8spI+wuJ1O6S7gnbaQg8Pxh4NNHb7KSINmEWKiPE4RKOplvijn+NkmYmmRgP68mc70j2EbeTFRsrswaQeg==",
      "dev": true
    },
    "minimist": {
      "version": "0.0.10",
      "resolved": "http://registry.npmjs.org/minimist/-/minimist-0.0.10.tgz",
      "integrity": "sha1-3j+YVD2/lggr5IrRoMfNqDYwHc8=",
      "dev": true
    },
    "ncname": {
      "version": "1.0.0",
      "resolved": "https://registry.npmjs.org/ncname/-/ncname-1.0.0.tgz",
      "integrity": "sha1-W1etGLHKCShk72Kwse2BlPODtxw=",
      "dev": true,
      "requires": {
        "xml-char-classes": "^1.0.0"
      }
    },
    "no-case": {
      "version": "2.3.2",
      "resolved": "https://registry.npmjs.org/no-case/-/no-case-2.3.2.tgz",
      "integrity": "sha512-rmTZ9kz+f3rCvK2TD1Ue/oZlns7OGoIWP4fc3llxxRXlOkHKoWPPWJOfFYpITabSow43QJbRIoHQXtt10VldyQ==",
      "dev": true,
      "requires": {
        "lower-case": "^1.1.1"
      }
    },
    "node-static": {
      "version": "0.7.10",
      "resolved": "https://registry.npmjs.org/node-static/-/node-static-0.7.10.tgz",
      "integrity": "sha512-bd7zO5hvCWzdglgwz9t82T4mYTEUzEG5pXnSqEzitvmEacusbhl8/VwuCbMaYR9g2PNK5191yBtAEQLJEmQh1A==",
      "dev": true,
      "requires": {
        "colors": ">=0.6.0",
        "mime": "^1.2.9",
        "optimist": ">=0.3.4"
      }
    },
    "object-keys": {
      "version": "1.0.12",
      "resolved": "https://registry.npmjs.org/object-keys/-/object-keys-1.0.12.tgz",
      "integrity": "sha512-FTMyFUm2wBcGHnH2eXmz7tC6IwlqQZ6mVZ+6dm6vZ4IQIHjs6FdNsQBuKGPuUUUY6NfJw2PshC08Tn6LzLDOag==",
      "dev": true
    },
    "optimist": {
      "version": "0.6.1",
      "resolved": "https://registry.npmjs.org/optimist/-/optimist-0.6.1.tgz",
      "integrity": "sha1-2j6nRob6IaGaERwybpDrFaAZZoY=",
      "dev": true,
      "requires": {
        "minimist": "~0.0.1",
        "wordwrap": "~0.0.2"
      }
    },
    "param-case": {
      "version": "2.1.1",
      "resolved": "https://registry.npmjs.org/param-case/-/param-case-2.1.1.tgz",
      "integrity": "sha1-35T9jPZTHs915r75oIWPvHK+Ikc=",
      "dev": true,
      "requires": {
        "no-case": "^2.2.0"
      }
    },
    "relateurl": {
      "version": "0.2.7",
      "resolved": "https://registry.npmjs.org/relateurl/-/relateurl-0.2.7.tgz",
      "integrity": "sha1-VNvzd+UUQKypCkzSdGANP/LYiKk=",
      "dev": true
    },
    "source-map": {
      "version": "0.5.7",
      "resolved": "https://registry.npmjs.org/source-map/-/source-map-0.5.7.tgz",
      "integrity": "sha1-igOdLRAh0i0eoUyA2OpGi6LvP8w=",
      "dev": true
    },
    "stringify": {
      "version": "5.2.0",
      "resolved": "https://registry.npmjs.org/stringify/-/stringify-5.2.0.tgz",
      "integrity": "sha1-8iux8xrBCwRk637mDxqp9x5UZRI=",
      "dev": true,
      "requires": {
        "browserify-transform-tools": "^1.5.3",
        "html-minifier": "3.5.2"
      }
    },
    "through": {
      "version": "2.3.8",
      "resolved": "http://registry.npmjs.org/through/-/through-2.3.8.tgz",
      "integrity": "sha1-DdTJ/6q8NXlgsbckEV1+Doai4fU=",
      "dev": true
    },
    "uglify-js": {
      "version": "3.0.28",
      "resolved": "https://registry.npmjs.org/uglify-js/-/uglify-js-3.0.28.tgz",
      "integrity": "sha512-0h/qGay016GG2lVav3Kz174F3T2Vjlz2v6HCt+WDQpoXfco0hWwF5gHK9yh88mUYvIC+N7Z8NT8WpjSp1yoqGA==",
      "dev": true,
      "requires": {
        "commander": "~2.11.0",
        "source-map": "~0.5.1"
      },
      "dependencies": {
        "commander": {
          "version": "2.11.0",
          "resolved": "https://registry.npmjs.org/commander/-/commander-2.11.0.tgz",
          "integrity": "sha512-b0553uYA5YAEGgyYIGYROzKQ7X5RAqedkfjiZxwi0kL1g3bOaBNNZfYkzt/CL0umgD5wc9Jec2FbB98CjkMRvQ==",
          "dev": true
        }
      }
    },
    "upper-case": {
      "version": "1.1.3",
      "resolved": "https://registry.npmjs.org/upper-case/-/upper-case-1.1.3.tgz",
      "integrity": "sha1-9rRQHC7EzdJrp4vnIilh3ndiFZg=",
      "dev": true
    },
    "whatwg-fetch": {
      "version": "0.10.1",
      "resolved": "http://registry.npmjs.org/whatwg-fetch/-/whatwg-fetch-0.10.1.tgz",
      "integrity": "sha1-NlEl1As2gj/qyKtBtxxNVuhKUx8="
    },
    "wordwrap": {
      "version": "0.0.3",
      "resolved": "https://registry.npmjs.org/wordwrap/-/wordwrap-0.0.3.tgz",
      "integrity": "sha1-o9XabNXAvAAI03I0u68b7WMFkQc=",
      "dev": true
    },
    "xml-char-classes": {
      "version": "1.0.0",
      "resolved": "https://registry.npmjs.org/xml-char-classes/-/xml-char-classes-1.0.0.tgz",
      "integrity": "sha1-ZGV4SKIP/F31g6Qq2KJ3tFErvE0=",
      "dev": true
    }
  }
}
